
Microsoft Visual Studio Solution File, Format Version 12.00
# Visual Studio Version 16
VisualStudioVersion = 16.0.29613.14
MinimumVisualStudioVersion = 10.0.40219.1
Project("{9A19103F-16F7-4668-BE54-9A1E7A4F7556}") = "kc.EventBus", "kc.EventBus.csproj", "{22C697E3-436E-44BB-BDDA-E68F2923F857}"
EndProject
Project("{9A19103F-16F7-4668-BE54-9A1E7A4F7556}") = "kc.EventBus.RabbitMQ", "..\kc.EventBus.RabbitMQ\kc.EventBus.RabbitMQ.csproj", "{43C07CD9-E544-440D-B453-39010440C5F2}"
EndProject
Project("{9A19103F-16F7-4668-BE54-9A1E7A4F7556}") = "kc.IntegrationEventLog.EF", "..\kc.IntegrationEventLog.EF\kc.IntegrationEventLog.EF.csproj", "{34922989-4E89-4A65-BE5C-A373EC4B9138}"
EndProject
Project("{2150E333-8FDC-42A3-9474-1A3956D46DE8}") = "Solution Items", "Solution Items", "{3A47DFE1-5A44-43E7-9CE5-A120955474F1}"
	ProjectSection(SolutionItems) = preProject
		..\eventbus-pipelines.yml = ..\eventbus-pipelines.yml
		..\NuGet.config = ..\NuGet.config
	EndProjectSection
EndProject
Global
	GlobalSection(SolutionConfigurationPlatforms) = preSolution
		Debug|Any CPU = Debug|Any CPU
		Release|Any CPU = Release|Any CPU
	EndGlobalSection
	GlobalSection(ProjectConfigurationPlatforms) = postSolution
		{22C697E3-436E-44BB-BDDA-E68F2923F857}.Debug|Any CPU.ActiveCfg = Debug|Any CPU
		{22C697E3-436E-44BB-BDDA-E68F2923F857}.Debug|Any CPU.Build.0 = Debug|Any CPU
		{22C697E3-436E-44BB-BDDA-E68F2923F857}.Release|Any CPU.ActiveCfg = Release|Any CPU
		{22C697E3-436E-44BB-BDDA-E68F2923F857}.Release|Any CPU.Build.0 = Release|Any CPU
		{43C07CD9-E544-440D-B453-39010440C5F2}.Debug|Any CPU.ActiveCfg = Debug|Any CPU
		{43C07CD9-E544-440D-B453-39010440C5F2}.Debug|Any CPU.Build.0 = Debug|Any CPU
		{43C07CD9-E544-440D-B453-39010440C5F2}.Release|Any CPU.ActiveCfg = Release|Any CPU
		{43C07CD9-E544-440D-B453-39010440C5F2}.Release|Any CPU.Build.0 = Release|Any CPU
		{34922989-4E89-4A65-BE5C-A373EC4B9138}.Debug|Any CPU.ActiveCfg = Debug|Any CPU
		{34922989-4E89-4A65-BE5C-A373EC4B9138}.Debug|Any CPU.Build.0 = Debug|Any CPU
		{34922989-4E89-4A65-BE5C-A373EC4B9138}.Release|Any CPU.ActiveCfg = Release|Any CPU
		{34922989-4E89-4A65-BE5C-A373EC4B9138}.Release|Any CPU.Build.0 = Release|Any CPU
	EndGlobalSection
	GlobalSection(SolutionProperties) = preSolution
		HideSolutionNode = FALSE
	EndGlobalSection
	GlobalSection(ExtensibilityGlobals) = postSolution
		SolutionGuid = {EE8BAE70-D677-431E-808F-70C28CBBF8B8}
	EndGlobalSection
EndGlobal
