
Microsoft Visual Studio Solution File, Format Version 12.00
# Visual Studio Version 16
VisualStudioVersion = 16.0.29613.14
MinimumVisualStudioVersion = 10.0.40219.1
Project("{FAE04EC0-301F-11D3-BF4B-00C04F79EFBC}") = "kc.EventBus", "kc.EventBus.csproj", "{22C697E3-436E-44BB-BDDA-E68F2923F857}"
EndProject
Global
	GlobalSection(SolutionConfigurationPlatforms) = preSolution
		Debug|Any CPU = Debug|Any CPU
		Release|Any CPU = Release|Any CPU
	EndGlobalSection
	GlobalSection(ProjectConfigurationPlatforms) = postSolution
		{22C697E3-436E-44BB-BDDA-E68F2923F857}.Debug|Any CPU.ActiveCfg = Debug|Any CPU
		{22C697E3-436E-44BB-BDDA-E68F2923F857}.Debug|Any CPU.Build.0 = Debug|Any CPU
		{22C697E3-436E-44BB-BDDA-E68F2923F857}.Release|Any CPU.ActiveCfg = Release|Any CPU
		{22C697E3-436E-44BB-BDDA-E68F2923F857}.Release|Any CPU.Build.0 = Release|Any CPU
	EndGlobalSection
	GlobalSection(SolutionProperties) = preSolution
		HideSolutionNode = FALSE
	EndGlobalSection
	GlobalSection(ExtensibilityGlobals) = postSolution
		SolutionGuid = {EE8BAE70-D677-431E-808F-70C28CBBF8B8}
	EndGlobalSection
EndGlobal
